// !$*UTF8*$!
{
	archiveVersion = 1;
	classes = {
	};
	objectVersion = 55;
	objects = {

/* Begin PBXBuildFile section */
		8AE7888F4D4131562D7F2CBA /* Pods_ffmpeg_test_ios_swift.framework in Frameworks */ = {isa = PBXBuildFile; fileRef = 824AB7247E41B10DBE6CB261 /* Pods_ffmpeg_test_ios_swift.framework */; };
		B4AB1CB9286F164D00E01B43 /* AppDelegate.swift in Sources */ = {isa = PBXBuildFile; fileRef = B4AB1CB8286F164D00E01B43 /* AppDelegate.swift */; };
		B4AB1CBB286F164D00E01B43 /* SceneDelegate.swift in Sources */ = {isa = PBXBuildFile; fileRef = B4AB1CBA286F164D00E01B43 /* SceneDelegate.swift */; };
		B4AB1CC2286F164D00E01B43 /* Assets.xcassets in Resources */ = {isa = PBXBuildFile; fileRef = B4AB1CC1286F164D00E01B43 /* Assets.xcassets */; };
		B4AB1CD0286F167B00E01B43 /* Util.swift in Sources */ = {isa = PBXBuildFile; fileRef = B4AB1CCC286F167B00E01B43 /* Util.swift */; };
		B4AB1CD1286F167B00E01B43 /* Video.swift in Sources */ = {isa = PBXBuildFile; fileRef = B4AB1CCD286F167B00E01B43 /* Video.swift */; };
		B4AB1CD2286F167B00E01B43 /* Constants.swift in Sources */ = {isa = PBXBuildFile; fileRef = B4AB1CCE286F167B00E01B43 /* Constants.swift */; };
		B4AB1CDE286F16BE00E01B43 /* PipeViewController.swift in Sources */ = {isa = PBXBuildFile; fileRef = B4AB1CD5286F16BE00E01B43 /* PipeViewController.swift */; };
		B4AB1CDF286F16BE00E01B43 /* AudioViewController.swift in Sources */ = {isa = PBXBuildFile; fileRef = B4AB1CD6286F16BE00E01B43 /* AudioViewController.swift */; };
		B4AB1CE0286F16BE00E01B43 /* OtherViewController.swift in Sources */ = {isa = PBXBuildFile; fileRef = B4AB1CD7286F16BE00E01B43 /* OtherViewController.swift */; };
		B4AB1CE1286F16BE00E01B43 /* SubtitleViewController.swift in Sources */ = {isa = PBXBuildFile; fileRef = B4AB1CD8286F16BE00E01B43 /* SubtitleViewController.swift */; };
		B4AB1CE2286F16BE00E01B43 /* CommandViewController.swift in Sources */ = {isa = PBXBuildFile; fileRef = B4AB1CD9286F16BE00E01B43 /* CommandViewController.swift */; };
		B4AB1CE3286F16BE00E01B43 /* VidStabViewController.swift in Sources */ = {isa = PBXBuildFile; fileRef = B4AB1CDA286F16BE00E01B43 /* VidStabViewController.swift */; };
		B4AB1CE4286F16BE00E01B43 /* VideoViewController.swift in Sources */ = {isa = PBXBuildFile; fileRef = B4AB1CDB286F16BE00E01B43 /* VideoViewController.swift */; };
		B4AB1CE5286F16BE00E01B43 /* HttpsViewController.swift in Sources */ = {isa = PBXBuildFile; fileRef = B4AB1CDC286F16BE00E01B43 /* HttpsViewController.swift */; };
		B4AB1CE6286F16BE00E01B43 /* ConcurrentExecutionViewController.swift in Sources */ = {isa = PBXBuildFile; fileRef = B4AB1CDD286F16BE00E01B43 /* ConcurrentExecutionViewController.swift */; };
		B4AB1CE8286F17ED00E01B43 /* LaunchScreen.storyboard in Resources */ = {isa = PBXBuildFile; fileRef = B4AB1CE7286F17ED00E01B43 /* LaunchScreen.storyboard */; };
/* End PBXBuildFile section */

/* Begin PBXFileReference section */
		4892B44F11C7D51AC24E3579 /* Pods-ffmpeg-test-ios-swift.release.xcconfig */ = {isa = PBXFileReference; includeInIndex = 1; lastKnownFileType = text.xcconfig; name = "Pods-ffmpeg-test-ios-swift.release.xcconfig"; path = "Target Support Files/Pods-ffmpeg-test-ios-swift/Pods-ffmpeg-test-ios-swift.release.xcconfig"; sourceTree = "<group>"; };
		824AB7247E41B10DBE6CB261 /* Pods_ffmpeg_test_ios_swift.framework */ = {isa = PBXFileReference; explicitFileType = wrapper.framework; includeInIndex = 0; path = Pods_ffmpeg_test_ios_swift.framework; sourceTree = BUILT_PRODUCTS_DIR; };
		984F86E9090B0FDFC467BB5F /* Pods-ffmpeg-test-ios-swift.debug.xcconfig */ = {isa = PBXFileReference; includeInIndex = 1; lastKnownFileType = text.xcconfig; name = "Pods-ffmpeg-test-ios-swift.debug.xcconfig"; path = "Target Support Files/Pods-ffmpeg-test-ios-swift/Pods-ffmpeg-test-ios-swift.debug.xcconfig"; sourceTree = "<group>"; };
		B4AB1CB5286F164D00E01B43 /* ffmpeg-test-ios-swift.app */ = {isa = PBXFileReference; explicitFileType = wrapper.application; includeInIndex = 0; path = "ffmpeg-test-ios-swift.app"; sourceTree = BUILT_PRODUCTS_DIR; };
		B4AB1CB8286F164D00E01B43 /* AppDelegate.swift */ = {isa = PBXFileReference; lastKnownFileType = sourcecode.swift; path = AppDelegate.swift; sourceTree = "<group>"; };
		B4AB1CBA286F164D00E01B43 /* SceneDelegate.swift */ = {isa = PBXFileReference; lastKnownFileType = sourcecode.swift; path = SceneDelegate.swift; sourceTree = "<group>"; };
		B4AB1CC1286F164D00E01B43 /* Assets.xcassets */ = {isa = PBXFileReference; lastKnownFileType = folder.assetcatalog; path = Assets.xcassets; sourceTree = "<group>"; };
		B4AB1CC6286F164D00E01B43 /* Info.plist */ = {isa = PBXFileReference; lastKnownFileType = text.plist.xml; path = Info.plist; sourceTree = "<group>"; };
		B4AB1CCC286F167B00E01B43 /* Util.swift */ = {isa = PBXFileReference; fileEncoding = 4; lastKnownFileType = sourcecode.swift; path = Util.swift; sourceTree = "<group>"; };
		B4AB1CCD286F167B00E01B43 /* Video.swift */ = {isa = PBXFileReference; fileEncoding = 4; lastKnownFileType = sourcecode.swift; path = Video.swift; sourceTree = "<group>"; };
		B4AB1CCE286F167B00E01B43 /* Constants.swift */ = {isa = PBXFileReference; fileEncoding = 4; lastKnownFileType = sourcecode.swift; path = Constants.swift; sourceTree = "<group>"; };
		B4AB1CD5286F16BE00E01B43 /* PipeViewController.swift */ = {isa = PBXFileReference; fileEncoding = 4; lastKnownFileType = sourcecode.swift; path = PipeViewController.swift; sourceTree = "<group>"; };
		B4AB1CD6286F16BE00E01B43 /* AudioViewController.swift */ = {isa = PBXFileReference; fileEncoding = 4; lastKnownFileType = sourcecode.swift; path = AudioViewController.swift; sourceTree = "<group>"; };
		B4AB1CD7286F16BE00E01B43 /* OtherViewController.swift */ = {isa = PBXFileReference; fileEncoding = 4; lastKnownFileType = sourcecode.swift; path = OtherViewController.swift; sourceTree = "<group>"; };
		B4AB1CD8286F16BE00E01B43 /* SubtitleViewController.swift */ = {isa = PBXFileReference; fileEncoding = 4; lastKnownFileType = sourcecode.swift; path = SubtitleViewController.swift; sourceTree = "<group>"; };
		B4AB1CD9286F16BE00E01B43 /* CommandViewController.swift */ = {isa = PBXFileReference; fileEncoding = 4; lastKnownFileType = sourcecode.swift; path = CommandViewController.swift; sourceTree = "<group>"; };
		B4AB1CDA286F16BE00E01B43 /* VidStabViewController.swift */ = {isa = PBXFileReference; fileEncoding = 4; lastKnownFileType = sourcecode.swift; path = VidStabViewController.swift; sourceTree = "<group>"; };
		B4AB1CDB286F16BE00E01B43 /* VideoViewController.swift */ = {isa = PBXFileReference; fileEncoding = 4; lastKnownFileType = sourcecode.swift; path = VideoViewController.swift; sourceTree = "<group>"; };
		B4AB1CDC286F16BE00E01B43 /* HttpsViewController.swift */ = {isa = PBXFileReference; fileEncoding = 4; lastKnownFileType = sourcecode.swift; path = HttpsViewController.swift; sourceTree = "<group>"; };
		B4AB1CDD286F16BE00E01B43 /* ConcurrentExecutionViewController.swift */ = {isa = PBXFileReference; fileEncoding = 4; lastKnownFileType = sourcecode.swift; path = ConcurrentExecutionViewController.swift; sourceTree = "<group>"; };
		B4AB1CE7286F17ED00E01B43 /* LaunchScreen.storyboard */ = {isa = PBXFileReference; fileEncoding = 4; lastKnownFileType = file.storyboard; path = LaunchScreen.storyboard; sourceTree = "<group>"; };
/* End PBXFileReference section */

/* Begin PBXFrameworksBuildPhase section */
		B4AB1CB2286F164D00E01B43 /* Frameworks */ = {
			isa = PBXFrameworksBuildPhase;
			buildActionMask = 2147483647;
			files = (
				8AE7888F4D4131562D7F2CBA /* Pods_ffmpeg_test_ios_swift.framework in Frameworks */,
			);
			runOnlyForDeploymentPostprocessing = 0;
		};
/* End PBXFrameworksBuildPhase section */

/* Begin PBXGroup section */
		B4AB1CAC286F164D00E01B43 = {
			isa = PBXGroup;
			children = (
				B4AB1CB7286F164D00E01B43 /* ffmpeg-test-ios-swift */,
				B4AB1CB6286F164D00E01B43 /* Products */,
				BD6D04C7FEE26BA06DB26910 /* Pods */,
				D30A41D04672B53999D40224 /* Frameworks */,
			);
			sourceTree = "<group>";
		};
		B4AB1CB6286F164D00E01B43 /* Products */ = {
			isa = PBXGroup;
			children = (
				B4AB1CB5286F164D00E01B43 /* ffmpeg-test-ios-swift.app */,
			);
			name = Products;
			sourceTree = "<group>";
		};
		B4AB1CB7286F164D00E01B43 /* ffmpeg-test-ios-swift */ = {
			isa = PBXGroup;
			children = (
				B4AB1CB8286F164D00E01B43 /* AppDelegate.swift */,
				B4AB1CBA286F164D00E01B43 /* SceneDelegate.swift */,
				B4AB1CD4286F16BE00E01B43 /* ViewControllers */,
				B4AB1CCE286F167B00E01B43 /* Constants.swift */,
				B4AB1CCC286F167B00E01B43 /* Util.swift */,
				B4AB1CCD286F167B00E01B43 /* Video.swift */,
				B4AB1CC1286F164D00E01B43 /* Assets.xcassets */,
				B4AB1CE7286F17ED00E01B43 /* LaunchScreen.storyboard */,
				B4AB1CC6286F164D00E01B43 /* Info.plist */,
			);
			path = "ffmpeg-test-ios-swift";
			sourceTree = "<group>";
		};
		B4AB1CD4286F16BE00E01B43 /* ViewControllers */ = {
			isa = PBXGroup;
			children = (
				B4AB1CD5286F16BE00E01B43 /* PipeViewController.swift */,
				B4AB1CD6286F16BE00E01B43 /* AudioViewController.swift */,
				B4AB1CD7286F16BE00E01B43 /* OtherViewController.swift */,
				B4AB1CD8286F16BE00E01B43 /* SubtitleViewController.swift */,
				B4AB1CD9286F16BE00E01B43 /* CommandViewController.swift */,
				B4AB1CDA286F16BE00E01B43 /* VidStabViewController.swift */,
				B4AB1CDB286F16BE00E01B43 /* VideoViewController.swift */,
				B4AB1CDC286F16BE00E01B43 /* HttpsViewController.swift */,
				B4AB1CDD286F16BE00E01B43 /* ConcurrentExecutionViewController.swift */,
			);
			path = ViewControllers;
			sourceTree = "<group>";
		};
		BD6D04C7FEE26BA06DB26910 /* Pods */ = {
			isa = PBXGroup;
			children = (
				984F86E9090B0FDFC467BB5F /* Pods-ffmpeg-test-ios-swift.debug.xcconfig */,
				4892B44F11C7D51AC24E3579 /* Pods-ffmpeg-test-ios-swift.release.xcconfig */,
			);
			path = Pods;
			sourceTree = "<group>";
		};
		D30A41D04672B53999D40224 /* Frameworks */ = {
			isa = PBXGroup;
			children = (
				824AB7247E41B10DBE6CB261 /* Pods_ffmpeg_test_ios_swift.framework */,
			);
			name = Frameworks;
			sourceTree = "<group>";
		};
/* End PBXGroup section */

/* Begin PBXNativeTarget section */
		B4AB1CB4286F164D00E01B43 /* ffmpeg-test-ios-swift */ = {
			isa = PBXNativeTarget;
			buildConfigurationList = B4AB1CC9286F164D00E01B43 /* Build configuration list for PBXNativeTarget "ffmpeg-test-ios-swift" */;
			buildPhases = (
				9C99AD4EF4E1F33D9BACC5D0 /* [CP] Check Pods Manifest.lock */,
				B4AB1CB1286F164D00E01B43 /* Sources */,
				B4AB1CB2286F164D00E01B43 /* Frameworks */,
				B4AB1CB3286F164D00E01B43 /* Resources */,
				5F97C602699DCF044811B988 /* [CP] Embed Pods Frameworks */,
			);
			buildRules = (
			);
			dependencies = (
			);
			name = "ffmpeg-test-ios-swift";
			productName = "ffmpeg-test-ios-swift";
			productReference = B4AB1CB5286F164D00E01B43 /* ffmpeg-test-ios-swift.app */;
			productType = "com.apple.product-type.application";
		};
/* End PBXNativeTarget section */

/* Begin PBXProject section */
		B4AB1CAD286F164D00E01B43 /* Project object */ = {
			isa = PBXProject;
			attributes = {
				BuildIndependentTargetsInParallel = 1;
				LastSwiftUpdateCheck = 1340;
				LastUpgradeCheck = 1340;
				TargetAttributes = {
					B4AB1CB4286F164D00E01B43 = {
						CreatedOnToolsVersion = 13.4.1;
					};
				};
			};
			buildConfigurationList = B4AB1CB0286F164D00E01B43 /* Build configuration list for PBXProject "ffmpeg-test-ios-swift" */;
			compatibilityVersion = "Xcode 13.0";
			developmentRegion = en;
			hasScannedForEncodings = 0;
			knownRegions = (
				en,
				Base,
			);
			mainGroup = B4AB1CAC286F164D00E01B43;
			productRefGroup = B4AB1CB6286F164D00E01B43 /* Products */;
			projectDirPath = "";
			projectRoot = "";
			targets = (
				B4AB1CB4286F164D00E01B43 /* ffmpeg-test-ios-swift */,
			);
		};
/* End PBXProject section */

/* Begin PBXResourcesBuildPhase section */
		B4AB1CB3286F164D00E01B43 /* Resources */ = {
			isa = PBXResourcesBuildPhase;
			buildActionMask = 2147483647;
			files = (
				B4AB1CC2286F164D00E01B43 /* Assets.xcassets in Resources */,
				B4AB1CE8286F17ED00E01B43 /* LaunchScreen.storyboard in Resources */,
			);
			runOnlyForDeploymentPostprocessing = 0;
		};
/* End PBXResourcesBuildPhase section */

/* Begin PBXShellScriptBuildPhase section */
		5F97C602699DCF044811B988 /* [CP] Embed Pods Frameworks */ = {
			isa = PBXShellScriptBuildPhase;
			buildActionMask = 2147483647;
			files = (
			);
			inputFileListPaths = (
				"${PODS_ROOT}/Target Support Files/Pods-ffmpeg-test-ios-swift/Pods-ffmpeg-test-ios-swift-frameworks-${CONFIGURATION}-input-files.xcfilelist",
			);
			name = "[CP] Embed Pods Frameworks";
			outputFileListPaths = (
				"${PODS_ROOT}/Target Support Files/Pods-ffmpeg-test-ios-swift/Pods-ffmpeg-test-ios-swift-frameworks-${CONFIGURATION}-output-files.xcfilelist",
			);
			runOnlyForDeploymentPostprocessing = 0;
			shellPath = /bin/sh;
			shellScript = "\"${PODS_ROOT}/Target Support Files/Pods-ffmpeg-test-ios-swift/Pods-ffmpeg-test-ios-swift-frameworks.sh\"\n";
			showEnvVarsInLog = 0;
		};
		9C99AD4EF4E1F33D9BACC5D0 /* [CP] Check Pods Manifest.lock */ = {
			isa = PBXShellScriptBuildPhase;
			buildActionMask = 2147483647;
			files = (
			);
			inputFileListPaths = (
			);
			inputPaths = (
				"${PODS_PODFILE_DIR_PATH}/Podfile.lock",
				"${PODS_ROOT}/Manifest.lock",
			);
			name = "[CP] Check Pods Manifest.lock";
			outputFileListPaths = (
			);
			outputPaths = (
				"$(DERIVED_FILE_DIR)/Pods-ffmpeg-test-ios-swift-checkManifestLockResult.txt",
			);
			runOnlyForDeploymentPostprocessing = 0;
			shellPath = /bin/sh;
			shellScript = "diff \"${PODS_PODFILE_DIR_PATH}/Podfile.lock\" \"${PODS_ROOT}/Manifest.lock\" > /dev/null\nif [ $? != 0 ] ; then\n    # print error to STDERR\n    echo \"error: The sandbox is not in sync with the Podfile.lock. Run 'pod install' or update your CocoaPods installation.\" >&2\n    exit 1\nfi\n# This output is used by Xcode 'outputs' to avoid re-running this script phase.\necho \"SUCCESS\" > \"${SCRIPT_OUTPUT_FILE_0}\"\n";
			showEnvVarsInLog = 0;
		};
/* End PBXShellScriptBuildPhase section */

/* Begin PBXSourcesBuildPhase section */
		B4AB1CB1286F164D00E01B43 /* Sources */ = {
			isa = PBXSourcesBuildPhase;
			buildActionMask = 2147483647;
			files = (
				B4AB1CE2286F16BE00E01B43 /* CommandViewController.swift in Sources */,
				B4AB1CDE286F16BE00E01B43 /* PipeViewController.swift in Sources */,
				B4AB1CE4286F16BE00E01B43 /* VideoViewController.swift in Sources */,
				B4AB1CB9286F164D00E01B43 /* AppDelegate.swift in Sources */,
				B4AB1CBB286F164D00E01B43 /* SceneDelegate.swift in Sources */,
				B4AB1CD0286F167B00E01B43 /* Util.swift in Sources */,
				B4AB1CD1286F167B00E01B43 /* Video.swift in Sources */,
				B4AB1CE3286F16BE00E01B43 /* VidStabViewController.swift in Sources */,
				B4AB1CE0286F16BE00E01B43 /* OtherViewController.swift in Sources */,
				B4AB1CDF286F16BE00E01B43 /* AudioViewController.swift in Sources */,
				B4AB1CD2286F167B00E01B43 /* Constants.swift in Sources */,
				B4AB1CE5286F16BE00E01B43 /* HttpsViewController.swift in Sources */,
				B4AB1CE6286F16BE00E01B43 /* ConcurrentExecutionViewController.swift in Sources */,
				B4AB1CE1286F16BE00E01B43 /* SubtitleViewController.swift in Sources */,
			);
			runOnlyForDeploymentPostprocessing = 0;
		};
/* End PBXSourcesBuildPhase section */

/* Begin XCBuildConfiguration section */
		B4AB1CC7286F164D00E01B43 /* Debug */ = {
			isa = XCBuildConfiguration;
			buildSettings = {
				ALWAYS_SEARCH_USER_PATHS = NO;
				CLANG_ANALYZER_NONNULL = YES;
				CLANG_ANALYZER_NUMBER_OBJECT_CONVERSION = YES_AGGRESSIVE;
				CLANG_CXX_LANGUAGE_STANDARD = "gnu++17";
				CLANG_ENABLE_MODULES = YES;
				CLANG_ENABLE_OBJC_ARC = YES;
				CLANG_ENABLE_OBJC_WEAK = YES;
				CLANG_WARN_BLOCK_CAPTURE_AUTORELEASING = YES;
				CLANG_WARN_BOOL_CONVERSION = YES;
				CLANG_WARN_COMMA = YES;
				CLANG_WARN_CONSTANT_CONVERSION = YES;
				CLANG_WARN_DEPRECATED_OBJC_IMPLEMENTATIONS = YES;
				CLANG_WARN_DIRECT_OBJC_ISA_USAGE = YES_ERROR;
				CLANG_WARN_DOCUMENTATION_COMMENTS = YES;
				CLANG_WARN_EMPTY_BODY = YES;
				CLANG_WARN_ENUM_CONVERSION = YES;
				CLANG_WARN_INFINITE_RECURSION = YES;
				CLANG_WARN_INT_CONVERSION = YES;
				CLANG_WARN_NON_LITERAL_NULL_CONVERSION = YES;
				CLANG_WARN_OBJC_IMPLICIT_RETAIN_SELF = YES;
				CLANG_WARN_OBJC_LITERAL_CONVERSION = YES;
				CLANG_WARN_OBJC_ROOT_CLASS = YES_ERROR;
				CLANG_WARN_QUOTED_INCLUDE_IN_FRAMEWORK_HEADER = YES;
				CLANG_WARN_RANGE_LOOP_ANALYSIS = YES;
				CLANG_WARN_STRICT_PROTOTYPES = YES;
				CLANG_WARN_SUSPICIOUS_MOVE = YES;
				CLANG_WARN_UNGUARDED_AVAILABILITY = YES_AGGRESSIVE;
				CLANG_WARN_UNREACHABLE_CODE = YES;
				CLANG_WARN__DUPLICATE_METHOD_MATCH = YES;
				COPY_PHASE_STRIP = NO;
				DEBUG_INFORMATION_FORMAT = dwarf;
				ENABLE_STRICT_OBJC_MSGSEND = YES;
				ENABLE_TESTABILITY = YES;
				GCC_C_LANGUAGE_STANDARD = gnu11;
				GCC_DYNAMIC_NO_PIC = NO;
				GCC_NO_COMMON_BLOCKS = YES;
				GCC_OPTIMIZATION_LEVEL = 0;
				GCC_PREPROCESSOR_DEFINITIONS = (
					"DEBUG=1",
					"$(inherited)",
				);
				GCC_WARN_64_TO_32_BIT_CONVERSION = YES;
				GCC_WARN_ABOUT_RETURN_TYPE = YES_ERROR;
				GCC_WARN_UNDECLARED_SELECTOR = YES;
				GCC_WARN_UNINITIALIZED_AUTOS = YES_AGGRESSIVE;
				GCC_WARN_UNUSED_FUNCTION = YES;
				GCC_WARN_UNUSED_VARIABLE = YES;
				IPHONEOS_DEPLOYMENT_TARGET = 15.5;
				MTL_ENABLE_DEBUG_INFO = INCLUDE_SOURCE;
				MTL_FAST_MATH = YES;
				ONLY_ACTIVE_ARCH = YES;
				SDKROOT = iphoneos;
				SWIFT_ACTIVE_COMPILATION_CONDITIONS = DEBUG;
				SWIFT_OPTIMIZATION_LEVEL = "-Onone";
			};
			name = Debug;
		};
		B4AB1CC8286F164D00E01B43 /* Release */ = {
			isa = XCBuildConfiguration;
			buildSettings = {
				ALWAYS_SEARCH_USER_PATHS = NO;
				CLANG_ANALYZER_NONNULL = YES;
				CLANG_ANALYZER_NUMBER_OBJECT_CONVERSION = YES_AGGRESSIVE;
				CLANG_CXX_LANGUAGE_STANDARD = "gnu++17";
				CLANG_ENABLE_MODULES = YES;
				CLANG_ENABLE_OBJC_ARC = YES;
				CLANG_ENABLE_OBJC_WEAK = YES;
				CLANG_WARN_BLOCK_CAPTURE_AUTORELEASING = YES;
				CLANG_WARN_BOOL_CONVERSION = YES;
				CLANG_WARN_COMMA = YES;
				CLANG_WARN_CONSTANT_CONVERSION = YES;
				CLANG_WARN_DEPRECATED_OBJC_IMPLEMENTATIONS = YES;
				CLANG_WARN_DIRECT_OBJC_ISA_USAGE = YES_ERROR;
				CLANG_WARN_DOCUMENTATION_COMMENTS = YES;
				CLANG_WARN_EMPTY_BODY = YES;
				CLANG_WARN_ENUM_CONVERSION = YES;
				CLANG_WARN_INFINITE_RECURSION = YES;
				CLANG_WARN_INT_CONVERSION = YES;
				CLANG_WARN_NON_LITERAL_NULL_CONVERSION = YES;
				CLANG_WARN_OBJC_IMPLICIT_RETAIN_SELF = YES;
				CLANG_WARN_OBJC_LITERAL_CONVERSION = YES;
				CLANG_WARN_OBJC_ROOT_CLASS = YES_ERROR;
				CLANG_WARN_QUOTED_INCLUDE_IN_FRAMEWORK_HEADER = YES;
				CLANG_WARN_RANGE_LOOP_ANALYSIS = YES;
				CLANG_WARN_STRICT_PROTOTYPES = YES;
				CLANG_WARN_SUSPICIOUS_MOVE = YES;
				CLANG_WARN_UNGUARDED_AVAILABILITY = YES_AGGRESSIVE;
				CLANG_WARN_UNREACHABLE_CODE = YES;
				CLANG_WARN__DUPLICATE_METHOD_MATCH = YES;
				COPY_PHASE_STRIP = NO;
				DEBUG_INFORMATION_FORMAT = "dwarf-with-dsym";
				ENABLE_NS_ASSERTIONS = NO;
				ENABLE_STRICT_OBJC_MSGSEND = YES;
				GCC_C_LANGUAGE_STANDARD = gnu11;
				GCC_NO_COMMON_BLOCKS = YES;
				GCC_WARN_64_TO_32_BIT_CONVERSION = YES;
				GCC_WARN_ABOUT_RETURN_TYPE = YES_ERROR;
				GCC_WARN_UNDECLARED_SELECTOR = YES;
				GCC_WARN_UNINITIALIZED_AUTOS = YES_AGGRESSIVE;
				GCC_WARN_UNUSED_FUNCTION = YES;
				GCC_WARN_UNUSED_VARIABLE = YES;
				IPHONEOS_DEPLOYMENT_TARGET = 15.5;
				MTL_ENABLE_DEBUG_INFO = NO;
				MTL_FAST_MATH = YES;
				SDKROOT = iphoneos;
				SWIFT_COMPILATION_MODE = wholemodule;
				SWIFT_OPTIMIZATION_LEVEL = "-O";
				VALIDATE_PRODUCT = YES;
			};
			name = Release;
		};
		B4AB1CCA286F164D00E01B43 /* Debug */ = {
			isa = XCBuildConfiguration;
			baseConfigurationReference = 984F86E9090B0FDFC467BB5F /* Pods-ffmpeg-test-ios-swift.debug.xcconfig */;
			buildSettings = {
				ASSETCATALOG_COMPILER_APPICON_NAME = AppIcon;
				ASSETCATALOG_COMPILER_GLOBAL_ACCENT_COLOR_NAME = AccentColor;
				CODE_SIGN_STYLE = Automatic;
				CURRENT_PROJECT_VERSION = 1;
				DEVELOPMENT_TEAM = 9M7NZR7YP6;
				GENERATE_INFOPLIST_FILE = YES;
				INFOPLIST_FILE = "ffmpeg-test-ios-swift/Info.plist";
				INFOPLIST_KEY_UIApplicationSupportsIndirectInputEvents = YES;
				INFOPLIST_KEY_UILaunchStoryboardName = LaunchScreen;
				INFOPLIST_KEY_UIMainStoryboardFile = LaunchScreen;
				INFOPLIST_KEY_UISupportedInterfaceOrientations_iPad = "UIInterfaceOrientationPortrait UIInterfaceOrientationPortraitUpsideDown UIInterfaceOrientationLandscapeLeft UIInterfaceOrientationLandscapeRight";
				INFOPLIST_KEY_UISupportedInterfaceOrientations_iPhone = "UIInterfaceOrientationPortrait UIInterfaceOrientationLandscapeLeft UIInterfaceOrientationLandscapeRight";
				IPHONEOS_DEPLOYMENT_TARGET = 13.0;
				LD_RUNPATH_SEARCH_PATHS = (
					"$(inherited)",
					"@executable_path/Frameworks",
				);
				MARKETING_VERSION = 1.0;
				PRODUCT_BUNDLE_IDENTIFIER = "com.clickey.ffmpeg-kit.ffmpeg-test-ios-swift";
				PRODUCT_NAME = "$(TARGET_NAME)";
				SWIFT_EMIT_LOC_STRINGS = YES;
				SWIFT_VERSION = 5.0;
				TARGETED_DEVICE_FAMILY = "1,2";
			};
			name = Debug;
		};
		B4AB1CCB286F164D00E01B43 /* Release */ = {
			isa = XCBuildConfiguration;
			baseConfigurationReference = 4892B44F11C7D51AC24E3579 /* Pods-ffmpeg-test-ios-swift.release.xcconfig */;
			buildSettings = {
				ASSETCATALOG_COMPILER_APPICON_NAME = AppIcon;
				ASSETCATALOG_COMPILER_GLOBAL_ACCENT_COLOR_NAME = AccentColor;
				CODE_SIGN_STYLE = Automatic;
				CURRENT_PROJECT_VERSION = 1;
				DEVELOPMENT_TEAM = 9M7NZR7YP6;
				GENERATE_INFOPLIST_FILE = YES;
				INFOPLIST_FILE = "ffmpeg-test-ios-swift/Info.plist";
				INFOPLIST_KEY_UIApplicationSupportsIndirectInputEvents = YES;
				INFOPLIST_KEY_UILaunchStoryboardName = LaunchScreen;
				INFOPLIST_KEY_UIMainStoryboardFile = LaunchScreen;
				INFOPLIST_KEY_UISupportedInterfaceOrientations_iPad = "UIInterfaceOrientationPortrait UIInterfaceOrientationPortraitUpsideDown UIInterfaceOrientationLandscapeLeft UIInterfaceOrientationLandscapeRight";
				INFOPLIST_KEY_UISupportedInterfaceOrientations_iPhone = "UIInterfaceOrientationPortrait UIInterfaceOrientationLandscapeLeft UIInterfaceOrientationLandscapeRight";
				IPHONEOS_DEPLOYMENT_TARGET = 13.0;
				LD_RUNPATH_SEARCH_PATHS = (
					"$(inherited)",
					"@executable_path/Frameworks",
				);
				MARKETING_VERSION = 1.0;
				PRODUCT_BUNDLE_IDENTIFIER = "com.clickey.ffmpeg-kit.ffmpeg-test-ios-swift";
				PRODUCT_NAME = "$(TARGET_NAME)";
				SWIFT_EMIT_LOC_STRINGS = YES;
				SWIFT_VERSION = 5.0;
				TARGETED_DEVICE_FAMILY = "1,2";
			};
			name = Release;
		};
/* End XCBuildConfiguration section */

/* Begin XCConfigurationList section */
		B4AB1CB0286F164D00E01B43 /* Build configuration list for PBXProject "ffmpeg-test-ios-swift" */ = {
			isa = XCConfigurationList;
			buildConfigurations = (
				B4AB1CC7286F164D00E01B43 /* Debug */,
				B4AB1CC8286F164D00E01B43 /* Release */,
			);
			defaultConfigurationIsVisible = 0;
			defaultConfigurationName = Release;
		};
		B4AB1CC9286F164D00E01B43 /* Build configuration list for PBXNativeTarget "ffmpeg-test-ios-swift" */ = {
			isa = XCConfigurationList;
			buildConfigurations = (
				B4AB1CCA286F164D00E01B43 /* Debug */,
				B4AB1CCB286F164D00E01B43 /* Release */,
			);
			defaultConfigurationIsVisible = 0;
			defaultConfigurationName = Release;
		};
/* End XCConfigurationList section */
	};
	rootObject = B4AB1CAD286F164D00E01B43 /* Project object */;
}
